
Microsoft Visual Studio Solution File, Format Version 12.00
# Visual Studio 2015
Project("{FAE04EC0-301F-11D3-BF4B-00C04F79EFBC}") = "Reptilian-overlords.CSharp.Plugins", "Reptilian-overlords.CSharp.Plugins.csproj", "{DDCF3148-A97D-BC26-35E7-E1F5E1A8E10A}"
EndProject
Project("{FAE04EC0-301F-11D3-BF4B-00C04F79EFBC}") = "Reptilian-overlords.CSharp", "Reptilian-overlords.CSharp.csproj", "{B1A00B8B-2C84-5BD2-83DA-4735C9BBFD33}"
EndProject
Project("{FAE04EC0-301F-11D3-BF4B-00C04F79EFBC}") = "Reptilian-overlords.CSharp.Editor", "Reptilian-overlords.CSharp.Editor.csproj", "{0A04B474-4070-1C12-B913-EA4CCE97D70D}"
EndProject
Global
	GlobalSection(SolutionConfigurationPlatforms) = preSolution
		Debug|Any CPU = Debug|Any CPU
		Release|Any CPU = Release|Any CPU
	EndGlobalSection
	GlobalSection(ProjectConfigurationPlatforms) = postSolution
		{DDCF3148-A97D-BC26-35E7-E1F5E1A8E10A}.Debug|Any CPU.ActiveCfg = Debug|Any CPU
		{DDCF3148-A97D-BC26-35E7-E1F5E1A8E10A}.Debug|Any CPU.Build.0 = Debug|Any CPU
		{DDCF3148-A97D-BC26-35E7-E1F5E1A8E10A}.Release|Any CPU.ActiveCfg = Release|Any CPU
		{DDCF3148-A97D-BC26-35E7-E1F5E1A8E10A}.Release|Any CPU.Build.0 = Release|Any CPU
		{B1A00B8B-2C84-5BD2-83DA-4735C9BBFD33}.Debug|Any CPU.ActiveCfg = Debug|Any CPU
		{B1A00B8B-2C84-5BD2-83DA-4735C9BBFD33}.Debug|Any CPU.Build.0 = Debug|Any CPU
		{B1A00B8B-2C84-5BD2-83DA-4735C9BBFD33}.Release|Any CPU.ActiveCfg = Release|Any CPU
		{B1A00B8B-2C84-5BD2-83DA-4735C9BBFD33}.Release|Any CPU.Build.0 = Release|Any CPU
		{0A04B474-4070-1C12-B913-EA4CCE97D70D}.Debug|Any CPU.ActiveCfg = Debug|Any CPU
		{0A04B474-4070-1C12-B913-EA4CCE97D70D}.Debug|Any CPU.Build.0 = Debug|Any CPU
		{0A04B474-4070-1C12-B913-EA4CCE97D70D}.Release|Any CPU.ActiveCfg = Release|Any CPU
		{0A04B474-4070-1C12-B913-EA4CCE97D70D}.Release|Any CPU.Build.0 = Release|Any CPU
	EndGlobalSection
	GlobalSection(SolutionProperties) = preSolution
		HideSolutionNode = FALSE
	EndGlobalSection
EndGlobal
